
Microsoft Visual Studio Solution File, Format Version 12.00
# Visual Studio Version 17
VisualStudioVersion = 17.14.36518.9 d17.14
MinimumVisualStudioVersion = 10.0.40219.1
Project("{FAE04EC0-301F-11D3-BF4B-00C04F79EFBC}") = "UniversityInternshipPortal.Domain", "UniversityInternshipPortal.Domain\UniversityInternshipPortal.Domain.csproj", "{EF542D65-25B1-4815-AE7B-E4F18E80566E}"
EndProject
Project("{FAE04EC0-301F-11D3-BF4B-00C04F79EFBC}") = "UniversityInternshipPortal.Application", "UniversityInternshipPortal.Application\UniversityInternshipPortal.Application.csproj", "{9FF15DDC-9F18-4C08-91BC-9BDA432214B9}"
EndProject
Project("{FAE04EC0-301F-11D3-BF4B-00C04F79EFBC}") = "UniversityInternshipPortal.Infrastructure", "UniversityInternshipPortal.Infrastructure\UniversityInternshipPortal.Infrastructure.csproj", "{0A779245-BB4E-4BA1-801F-CDAB502D0E1C}"
EndProject
Project("{FAE04EC0-301F-11D3-BF4B-00C04F79EFBC}") = "UniversityInternshipPortal.API", "UniversityInternshipPortal.API\UniversityInternshipPortal.API.csproj", "{FA2D6CFE-A36D-4EF9-9430-1218705A5A86}"
EndProject
Global
	GlobalSection(SolutionConfigurationPlatforms) = preSolution
		Debug|Any CPU = Debug|Any CPU
		Release|Any CPU = Release|Any CPU
	EndGlobalSection
	GlobalSection(ProjectConfigurationPlatforms) = postSolution
		{EF542D65-25B1-4815-AE7B-E4F18E80566E}.Debug|Any CPU.ActiveCfg = Debug|Any CPU
		{EF542D65-25B1-4815-AE7B-E4F18E80566E}.Debug|Any CPU.Build.0 = Debug|Any CPU
		{EF542D65-25B1-4815-AE7B-E4F18E80566E}.Release|Any CPU.ActiveCfg = Release|Any CPU
		{EF542D65-25B1-4815-AE7B-E4F18E80566E}.Release|Any CPU.Build.0 = Release|Any CPU
		{9FF15DDC-9F18-4C08-91BC-9BDA432214B9}.Debug|Any CPU.ActiveCfg = Debug|Any CPU
		{9FF15DDC-9F18-4C08-91BC-9BDA432214B9}.Debug|Any CPU.Build.0 = Debug|Any CPU
		{9FF15DDC-9F18-4C08-91BC-9BDA432214B9}.Release|Any CPU.ActiveCfg = Release|Any CPU
		{9FF15DDC-9F18-4C08-91BC-9BDA432214B9}.Release|Any CPU.Build.0 = Release|Any CPU
		{0A779245-BB4E-4BA1-801F-CDAB502D0E1C}.Debug|Any CPU.ActiveCfg = Debug|Any CPU
		{0A779245-BB4E-4BA1-801F-CDAB502D0E1C}.Debug|Any CPU.Build.0 = Debug|Any CPU
		{0A779245-BB4E-4BA1-801F-CDAB502D0E1C}.Release|Any CPU.ActiveCfg = Release|Any CPU
		{0A779245-BB4E-4BA1-801F-CDAB502D0E1C}.Release|Any CPU.Build.0 = Release|Any CPU
		{FA2D6CFE-A36D-4EF9-9430-1218705A5A86}.Debug|Any CPU.ActiveCfg = Debug|Any CPU
		{FA2D6CFE-A36D-4EF9-9430-1218705A5A86}.Debug|Any CPU.Build.0 = Debug|Any CPU
		{FA2D6CFE-A36D-4EF9-9430-1218705A5A86}.Release|Any CPU.ActiveCfg = Release|Any CPU
		{FA2D6CFE-A36D-4EF9-9430-1218705A5A86}.Release|Any CPU.Build.0 = Release|Any CPU
	EndGlobalSection
	GlobalSection(SolutionProperties) = preSolution
		HideSolutionNode = FALSE
	EndGlobalSection
	GlobalSection(ExtensibilityGlobals) = postSolution
		SolutionGuid = {634FF7D4-F75D-4020-AB12-9606F808C7EA}
	EndGlobalSection
EndGlobal
